{
  "name": "applicationinsights-httpheaderfilter-js",
  "version": "1.0.0",
  "lockfileVersion": 1,
  "requires": true,
  "dependencies": {
    "@microsoft/applicationinsights-common": {
      "version": "2.5.4",
      "resolved": "https://registry.npmjs.org/@microsoft/applicationinsights-common/-/applicationinsights-common-2.5.4.tgz",
      "integrity": "sha512-lrLwBUKqK4SZq2nCegUs/O8Ew2KPtL+JUCARoo6YdT8vSiUSxVk+XvwnMOViv27+NWsM3HpqOcjMn+C3kwULZQ==",
      "requires": {
        "@microsoft/applicationinsights-core-js": "2.5.4",
        "tslib": "^1.11.1"
      }
    },
    "@microsoft/applicationinsights-core-js": {
      "version": "2.5.4",
      "resolved": "https://registry.npmjs.org/@microsoft/applicationinsights-core-js/-/applicationinsights-core-js-2.5.4.tgz",
      "integrity": "sha512-U3spLDr99R8X7X7VH49RJhx7KhB8HZpKo7rb3ymFG6z6hB7eWQQyLyMsFnThNJI3sVqwEPCQd7dBs7viheLqjw==",
      "requires": {
        "@microsoft/dynamicproto-js": "^0.5.2",
        "tslib": "^1.11.1"
      }
    },
    "@microsoft/dynamicproto-js": {
      "version": "0.5.2",
      "resolved": "https://registry.npmjs.org/@microsoft/dynamicproto-js/-/dynamicproto-js-0.5.2.tgz",
      "integrity": "sha512-tGwZJLtLVK96OKl5/pHeZFgi28rnKJB2DQ0V/28SVQnv9tC/OXCNOrvvvtIZM6wp1YJwqVSFnyp46w3azDjC0Q=="
    },
    "tslib": {
      "version": "1.11.1",
      "resolved": "https://registry.npmjs.org/tslib/-/tslib-1.11.1.tgz",
      "integrity": "sha512-aZW88SY8kQbU7gpV19lN24LtXh/yD4ZZg6qieAJDDg+YBsJcSmLGK9QpnUjAKVG/xefmvJGd1WUmfpT/g6AJGA=="
    }
  }
}
